
Microsoft Visual Studio Solution File, Format Version 12.00
# Visual Studio Version 16
VisualStudioVersion = 16.0.31702.278
MinimumVisualStudioVersion = 10.0.40219.1
Project("{9A19103F-16F7-4668-BE54-9A1E7A4F7556}") = "EtecFilmes", "EtecFilmes.csproj", "{8391C776-BD20-4E71-90E6-143EA9142EA2}"
EndProject
Global
	GlobalSection(SolutionConfigurationPlatforms) = preSolution
		Debug|Any CPU = Debug|Any CPU
		Release|Any CPU = Release|Any CPU
	EndGlobalSection
	GlobalSection(ProjectConfigurationPlatforms) = postSolution
		{8391C776-BD20-4E71-90E6-143EA9142EA2}.Debug|Any CPU.ActiveCfg = Debug|Any CPU
		{8391C776-BD20-4E71-90E6-143EA9142EA2}.Debug|Any CPU.Build.0 = Debug|Any CPU
		{8391C776-BD20-4E71-90E6-143EA9142EA2}.Release|Any CPU.ActiveCfg = Release|Any CPU
		{8391C776-BD20-4E71-90E6-143EA9142EA2}.Release|Any CPU.Build.0 = Release|Any CPU
	EndGlobalSection
	GlobalSection(SolutionProperties) = preSolution
		HideSolutionNode = FALSE
	EndGlobalSection
	GlobalSection(ExtensibilityGlobals) = postSolution
		SolutionGuid = {E129D292-606D-4BB8-BCE7-0DB359DB64C1}
	EndGlobalSection
EndGlobal
